Microsoft Visual Studio Solution File, Format Version 12.00
# Visual Studio Version 17
VisualStudioVersion = 17.5.2.0
MinimumVisualStudioVersion = 10.0.40219.1
Project("{2150E333-8FDC-42A3-9474-1A3956D46DE8}") = "backend", "backend", "{1AE8ACA6-933B-BF2A-3671-3E2EAC007D16}"
EndProject
Project("{2150E333-8FDC-42A3-9474-1A3956D46DE8}") = "widgets", "widgets", "{BCB56B24-9C87-A1C6-9BC8-AE807DEE806C}"
EndProject
Project("{FAE04EC0-301F-11D3-BF4B-00C04F79EFBC}") = "GameCore", "..\GenOSys - Core\GameCore.csproj", "{7AC89B79-1743-71DE-55F8-7E15783C3A1A}"
EndProject
Project("{FAE04EC0-301F-11D3-BF4B-00C04F79EFBC}") = "GenOSys.BrowserHost", "..\GenOSys - Core\browser\GenOSys.BrowserHost\GenOSys.BrowserHost.csproj", "{EDE72FF1-B907-5D9E-A95D-0F53E0A6E9B5}"
EndProject
Global
	GlobalSection(SolutionConfigurationPlatforms) = preSolution
		Debug|Any CPU = Debug|Any CPU
		Release|Any CPU = Release|Any CPU
	EndGlobalSection
	GlobalSection(ProjectConfigurationPlatforms) = postSolution
		{7AC89B79-1743-71DE-55F8-7E15783C3A1A}.Debug|Any CPU.ActiveCfg = Debug|Any CPU
		{7AC89B79-1743-71DE-55F8-7E15783C3A1A}.Debug|Any CPU.Build.0 = Debug|Any CPU
		{7AC89B79-1743-71DE-55F8-7E15783C3A1A}.Release|Any CPU.ActiveCfg = Release|Any CPU
		{7AC89B79-1743-71DE-55F8-7E15783C3A1A}.Release|Any CPU.Build.0 = Release|Any CPU
		{EDE72FF1-B907-5D9E-A95D-0F53E0A6E9B5}.Debug|Any CPU.ActiveCfg = Debug|Any CPU
		{EDE72FF1-B907-5D9E-A95D-0F53E0A6E9B5}.Debug|Any CPU.Build.0 = Debug|Any CPU
		{EDE72FF1-B907-5D9E-A95D-0F53E0A6E9B5}.Release|Any CPU.ActiveCfg = Release|Any CPU
		{EDE72FF1-B907-5D9E-A95D-0F53E0A6E9B5}.Release|Any CPU.Build.0 = Release|Any CPU
	EndGlobalSection
	GlobalSection(SolutionProperties) = preSolution
		HideSolutionNode = FALSE
	EndGlobalSection
	GlobalSection(NestedProjects) = preSolution
		{7AC89B79-1743-71DE-55F8-7E15783C3A1A} = {1AE8ACA6-933B-BF2A-3671-3E2EAC007D16}
		{EDE72FF1-B907-5D9E-A95D-0F53E0A6E9B5} = {BCB56B24-9C87-A1C6-9BC8-AE807DEE806C}
	EndGlobalSection
	GlobalSection(ExtensibilityGlobals) = postSolution
		SolutionGuid = {39DB1117-5AB4-4C32-A656-8F0F166C841C}
	EndGlobalSection
EndGlobal
